
Microsoft Visual Studio Solution File, Format Version 10.00
# Visual Studio 2008
Project("{FAE04EC0-301F-11D3-BF4B-00C04F79EFBC}") = "WindowsMonitorLib", "WindowsMonitorLib\WindowsMonitorLib.csproj", "{82FC5246-3FDB-477F-9EDC-C2729CA1EC5B}"
EndProject
Project("{FAE04EC0-301F-11D3-BF4B-00C04F79EFBC}") = "WindowsMonitorUI", "WindowsMonitorUI\WindowsMonitorUI.csproj", "{098642BA-E79C-4D50-BF51-ACC40D48C77F}"
EndProject
Project("{930C7802-8A8C-48F9-8165-68863BCCD9DD}") = "WindowsMonitorSetup", "WindowsMonitorSetup\WindowsMonitorSetup.wixproj", "{D51900DF-EABE-4905-B7B7-1469C2784B88}"
EndProject
Global
	GlobalSection(SubversionScc) = preSolution
		Svn-Managed = True
		Manager = AnkhSVN - Subversion Support for Visual Studio
	EndGlobalSection
	GlobalSection(SolutionConfigurationPlatforms) = preSolution
		Debug|Any CPU = Debug|Any CPU
		Debug|Mixed Platforms = Debug|Mixed Platforms
		Debug|x86 = Debug|x86
		Release|Any CPU = Release|Any CPU
		Release|Mixed Platforms = Release|Mixed Platforms
		Release|x86 = Release|x86
	EndGlobalSection
	GlobalSection(ProjectConfigurationPlatforms) = postSolution
		{82FC5246-3FDB-477F-9EDC-C2729CA1EC5B}.Debug|Any CPU.ActiveCfg = Debug|Any CPU
		{82FC5246-3FDB-477F-9EDC-C2729CA1EC5B}.Debug|Any CPU.Build.0 = Debug|Any CPU
		{82FC5246-3FDB-477F-9EDC-C2729CA1EC5B}.Debug|Mixed Platforms.ActiveCfg = Debug|Any CPU
		{82FC5246-3FDB-477F-9EDC-C2729CA1EC5B}.Debug|Mixed Platforms.Build.0 = Debug|Any CPU
		{82FC5246-3FDB-477F-9EDC-C2729CA1EC5B}.Debug|x86.ActiveCfg = Debug|Any CPU
		{82FC5246-3FDB-477F-9EDC-C2729CA1EC5B}.Release|Any CPU.ActiveCfg = Release|Any CPU
		{82FC5246-3FDB-477F-9EDC-C2729CA1EC5B}.Release|Any CPU.Build.0 = Release|Any CPU
		{82FC5246-3FDB-477F-9EDC-C2729CA1EC5B}.Release|Mixed Platforms.ActiveCfg = Release|Any CPU
		{82FC5246-3FDB-477F-9EDC-C2729CA1EC5B}.Release|Mixed Platforms.Build.0 = Release|Any CPU
		{82FC5246-3FDB-477F-9EDC-C2729CA1EC5B}.Release|x86.ActiveCfg = Release|Any CPU
		{098642BA-E79C-4D50-BF51-ACC40D48C77F}.Debug|Any CPU.ActiveCfg = Debug|Any CPU
		{098642BA-E79C-4D50-BF51-ACC40D48C77F}.Debug|Any CPU.Build.0 = Debug|Any CPU
		{098642BA-E79C-4D50-BF51-ACC40D48C77F}.Debug|Mixed Platforms.ActiveCfg = Debug|Any CPU
		{098642BA-E79C-4D50-BF51-ACC40D48C77F}.Debug|Mixed Platforms.Build.0 = Debug|Any CPU
		{098642BA-E79C-4D50-BF51-ACC40D48C77F}.Debug|x86.ActiveCfg = Debug|Any CPU
		{098642BA-E79C-4D50-BF51-ACC40D48C77F}.Release|Any CPU.ActiveCfg = Release|Any CPU
		{098642BA-E79C-4D50-BF51-ACC40D48C77F}.Release|Any CPU.Build.0 = Release|Any CPU
		{098642BA-E79C-4D50-BF51-ACC40D48C77F}.Release|Mixed Platforms.ActiveCfg = Release|Any CPU
		{098642BA-E79C-4D50-BF51-ACC40D48C77F}.Release|Mixed Platforms.Build.0 = Release|Any CPU
		{098642BA-E79C-4D50-BF51-ACC40D48C77F}.Release|x86.ActiveCfg = Release|Any CPU
		{D51900DF-EABE-4905-B7B7-1469C2784B88}.Debug|Any CPU.ActiveCfg = Debug|x86
		{D51900DF-EABE-4905-B7B7-1469C2784B88}.Debug|Mixed Platforms.ActiveCfg = Debug|x86
		{D51900DF-EABE-4905-B7B7-1469C2784B88}.Debug|Mixed Platforms.Build.0 = Debug|x86
		{D51900DF-EABE-4905-B7B7-1469C2784B88}.Debug|x86.ActiveCfg = Debug|x86
		{D51900DF-EABE-4905-B7B7-1469C2784B88}.Debug|x86.Build.0 = Debug|x86
		{D51900DF-EABE-4905-B7B7-1469C2784B88}.Release|Any CPU.ActiveCfg = Release|x86
		{D51900DF-EABE-4905-B7B7-1469C2784B88}.Release|Mixed Platforms.ActiveCfg = Release|x86
		{D51900DF-EABE-4905-B7B7-1469C2784B88}.Release|Mixed Platforms.Build.0 = Release|x86
		{D51900DF-EABE-4905-B7B7-1469C2784B88}.Release|x86.ActiveCfg = Release|x86
		{D51900DF-EABE-4905-B7B7-1469C2784B88}.Release|x86.Build.0 = Release|x86
	EndGlobalSection
	GlobalSection(SolutionProperties) = preSolution
		HideSolutionNode = FALSE
	EndGlobalSection
EndGlobal
